
Microsoft Visual Studio Solution File, Format Version 12.00
# Visual Studio Version 16
VisualStudioVersion = 16.0.30621.155
MinimumVisualStudioVersion = 10.0.40219.1
Project("{9A19103F-16F7-4668-BE54-9A1E7A4F7556}") = "Indra.Discord", "Indra.Discord\Indra.Discord.csproj", "{00B37CEF-1B01-4810-B186-0070A52DD22E}"
EndProject
Project("{9A19103F-16F7-4668-BE54-9A1E7A4F7556}") = "gtaserver.core.discordbridge", "gtaserver.core.discordbridge\gtaserver.core.discordbridge.csproj", "{5B18CF63-D5DD-4376-81D9-277A1664C8D5}"
EndProject
Global
	GlobalSection(SolutionConfigurationPlatforms) = preSolution
		Debug|Any CPU = Debug|Any CPU
		Release|Any CPU = Release|Any CPU
	EndGlobalSection
	GlobalSection(ProjectConfigurationPlatforms) = postSolution
		{00B37CEF-1B01-4810-B186-0070A52DD22E}.Debug|Any CPU.ActiveCfg = Debug|Any CPU
		{00B37CEF-1B01-4810-B186-0070A52DD22E}.Debug|Any CPU.Build.0 = Debug|Any CPU
		{00B37CEF-1B01-4810-B186-0070A52DD22E}.Release|Any CPU.ActiveCfg = Release|Any CPU
		{00B37CEF-1B01-4810-B186-0070A52DD22E}.Release|Any CPU.Build.0 = Release|Any CPU
		{5B18CF63-D5DD-4376-81D9-277A1664C8D5}.Debug|Any CPU.ActiveCfg = Debug|Any CPU
		{5B18CF63-D5DD-4376-81D9-277A1664C8D5}.Debug|Any CPU.Build.0 = Debug|Any CPU
		{5B18CF63-D5DD-4376-81D9-277A1664C8D5}.Release|Any CPU.ActiveCfg = Release|Any CPU
		{5B18CF63-D5DD-4376-81D9-277A1664C8D5}.Release|Any CPU.Build.0 = Release|Any CPU
	EndGlobalSection
	GlobalSection(SolutionProperties) = preSolution
		HideSolutionNode = FALSE
	EndGlobalSection
	GlobalSection(ExtensibilityGlobals) = postSolution
		SolutionGuid = {54726DD8-B730-48E7-86C3-DF4C5B0C95C9}
	EndGlobalSection
EndGlobal
